{
  "version": "3",
  "packages": {
    "specifiers": {
      "jsr:@b-fuze/deno-dom@0.1.47": "jsr:@b-fuze/deno-dom@0.1.47",
      "jsr:@hono/hono@^4.5.4": "jsr:@hono/hono@4.5.4"
    },
    "jsr": {
      "@b-fuze/deno-dom@0.1.47": {
        "integrity": "270a888de91329f8ce3849211ece0ad97ce1e8b9a8a774f2bed2f43c8b0ffe8e"
      },
      "@hono/hono@4.5.4": {
        "integrity": "3792780b8460d5df0959b07c059db9325e4fa1a49f8b5aff7ab9bc870bdec8e3"
      }
    }
  },
  "remote": {},
  "workspace": {
    "dependencies": [
      "jsr:@hono/hono@^4.5.4"
    ]
  }
}
